
Microsoft Visual Studio Solution File, Format Version 12.00
# Visual Studio 14
VisualStudioVersion = 14.0.25420.1
MinimumVisualStudioVersion = 10.0.40219.1
Project("{8BC9CEB8-8B4A-11D0-8D11-00A0C91BC942}") = "gitApp", "gitApp\gitApp.vcxproj", "{0F048622-89CB-47B2-9DCF-66BB9140725E}"
EndProject
Global
	GlobalSection(SolutionConfigurationPlatforms) = preSolution
		Debug|x64 = Debug|x64
		Debug|x86 = Debug|x86
		Release|x64 = Release|x64
		Release|x86 = Release|x86
	EndGlobalSection
	GlobalSection(ProjectConfigurationPlatforms) = postSolution
		{0F048622-89CB-47B2-9DCF-66BB9140725E}.Debug|x64.ActiveCfg = Debug|x64
		{0F048622-89CB-47B2-9DCF-66BB9140725E}.Debug|x64.Build.0 = Debug|x64
		{0F048622-89CB-47B2-9DCF-66BB9140725E}.Debug|x86.ActiveCfg = Debug|Win32
		{0F048622-89CB-47B2-9DCF-66BB9140725E}.Debug|x86.Build.0 = Debug|Win32
		{0F048622-89CB-47B2-9DCF-66BB9140725E}.Release|x64.ActiveCfg = Release|x64
		{0F048622-89CB-47B2-9DCF-66BB9140725E}.Release|x64.Build.0 = Release|x64
		{0F048622-89CB-47B2-9DCF-66BB9140725E}.Release|x86.ActiveCfg = Release|Win32
		{0F048622-89CB-47B2-9DCF-66BB9140725E}.Release|x86.Build.0 = Release|Win32
	EndGlobalSection
	GlobalSection(SolutionProperties) = preSolution
		HideSolutionNode = FALSE
	EndGlobalSection
EndGlobal
